
Microsoft Visual Studio Solution File, Format Version 12.00
# Visual Studio Version 17
VisualStudioVersion = 17.4.33110.190
MinimumVisualStudioVersion = 10.0.40219.1
Project("{FAE04EC0-301F-11D3-BF4B-00C04F79EFBC}") = "camelCase", "camelCase\camelCase.csproj", "{2153E0F7-A560-46BC-AF9D-CA412D711D4B}"
EndProject
Project("{FAE04EC0-301F-11D3-BF4B-00C04F79EFBC}") = "superReduceString", "superReduceString\superReduceString.csproj", "{A221BE5B-EF7F-445B-85A0-D0762E2F1B3B}"
EndProject
Project("{FAE04EC0-301F-11D3-BF4B-00C04F79EFBC}") = "CountingRoundWon", "CountingRoundWon\CountingRoundWon.csproj", "{D7C537A7-9C11-4919-B0A6-723804F86FED}"
EndProject
Project("{FAE04EC0-301F-11D3-BF4B-00C04F79EFBC}") = "fuzzBuzz", "fuzzBuzz\fuzzBuzz.csproj", "{9B501F22-22CD-493A-A945-593FAD903756}"
EndProject
Global
	GlobalSection(SolutionConfigurationPlatforms) = preSolution
		Debug|Any CPU = Debug|Any CPU
		Release|Any CPU = Release|Any CPU
	EndGlobalSection
	GlobalSection(ProjectConfigurationPlatforms) = postSolution
		{2153E0F7-A560-46BC-AF9D-CA412D711D4B}.Debug|Any CPU.ActiveCfg = Debug|Any CPU
		{2153E0F7-A560-46BC-AF9D-CA412D711D4B}.Debug|Any CPU.Build.0 = Debug|Any CPU
		{2153E0F7-A560-46BC-AF9D-CA412D711D4B}.Release|Any CPU.ActiveCfg = Release|Any CPU
		{2153E0F7-A560-46BC-AF9D-CA412D711D4B}.Release|Any CPU.Build.0 = Release|Any CPU
		{A221BE5B-EF7F-445B-85A0-D0762E2F1B3B}.Debug|Any CPU.ActiveCfg = Debug|Any CPU
		{A221BE5B-EF7F-445B-85A0-D0762E2F1B3B}.Debug|Any CPU.Build.0 = Debug|Any CPU
		{A221BE5B-EF7F-445B-85A0-D0762E2F1B3B}.Release|Any CPU.ActiveCfg = Release|Any CPU
		{A221BE5B-EF7F-445B-85A0-D0762E2F1B3B}.Release|Any CPU.Build.0 = Release|Any CPU
		{D7C537A7-9C11-4919-B0A6-723804F86FED}.Debug|Any CPU.ActiveCfg = Debug|Any CPU
		{D7C537A7-9C11-4919-B0A6-723804F86FED}.Debug|Any CPU.Build.0 = Debug|Any CPU
		{D7C537A7-9C11-4919-B0A6-723804F86FED}.Release|Any CPU.ActiveCfg = Release|Any CPU
		{D7C537A7-9C11-4919-B0A6-723804F86FED}.Release|Any CPU.Build.0 = Release|Any CPU
		{9B501F22-22CD-493A-A945-593FAD903756}.Debug|Any CPU.ActiveCfg = Debug|Any CPU
		{9B501F22-22CD-493A-A945-593FAD903756}.Debug|Any CPU.Build.0 = Debug|Any CPU
		{9B501F22-22CD-493A-A945-593FAD903756}.Release|Any CPU.ActiveCfg = Release|Any CPU
		{9B501F22-22CD-493A-A945-593FAD903756}.Release|Any CPU.Build.0 = Release|Any CPU
	EndGlobalSection
	GlobalSection(SolutionProperties) = preSolution
		HideSolutionNode = FALSE
	EndGlobalSection
	GlobalSection(ExtensibilityGlobals) = postSolution
		SolutionGuid = {8AC76821-E7B1-4314-BB4E-0B0A922188CA}
	EndGlobalSection
EndGlobal
